// !$*UTF8*$!
{
	archiveVersion = 1;
	classes = {
	};
	objectVersion = 50;
	objects = {

/* Begin PBXBuildFile section */
		9200370C22399AEB004782DC /* ProfileCell.swift in Sources */ = {isa = PBXBuildFile; fileRef = 9200370B22399AEB004782DC /* ProfileCell.swift */; };
		9200370F22399BAB004782DC /* ProfileListViewController.swift in Sources */ = {isa = PBXBuildFile; fileRef = 9200370E22399BAB004782DC /* ProfileListViewController.swift */; };
		9200371322399CC3004782DC /* ProfileDetailsViewController.swift in Sources */ = {isa = PBXBuildFile; fileRef = 9200371222399CC3004782DC /* ProfileDetailsViewController.swift */; };
		920037162239A068004782DC /* Perform.swift in Sources */ = {isa = PBXBuildFile; fileRef = 920037152239A068004782DC /* Perform.swift */; };
		920037192239A689004782DC /* ProfileData.swift in Sources */ = {isa = PBXBuildFile; fileRef = 920037182239A689004782DC /* ProfileData.swift */; };
		9200371B2239A6A0004782DC /* Profile.swift in Sources */ = {isa = PBXBuildFile; fileRef = 9200371A2239A6A0004782DC /* Profile.swift */; };
		9200371D2239A6AC004782DC /* Image.swift in Sources */ = {isa = PBXBuildFile; fileRef = 9200371C2239A6AC004782DC /* Image.swift */; };
		9200371F2239A77B004782DC /* ProfileListDataSource.swift in Sources */ = {isa = PBXBuildFile; fileRef = 9200371E2239A77B004782DC /* ProfileListDataSource.swift */; };
		920037212239A8FC004782DC /* ObjectMapper+Profile.swift in Sources */ = {isa = PBXBuildFile; fileRef = 920037202239A8FC004782DC /* ObjectMapper+Profile.swift */; };
		920037242239AEF1004782DC /* Errors.swift in Sources */ = {isa = PBXBuildFile; fileRef = 920037232239AEF1004782DC /* Errors.swift */; };
		920037262239B259004782DC /* UIExtensions.swift in Sources */ = {isa = PBXBuildFile; fileRef = 920037252239B259004782DC /* UIExtensions.swift */; };
		928FE153223868FA001EFC30 /* AppDelegate.swift in Sources */ = {isa = PBXBuildFile; fileRef = 928FE152223868FA001EFC30 /* AppDelegate.swift */; };
		928FE158223868FA001EFC30 /* Main.storyboard in Resources */ = {isa = PBXBuildFile; fileRef = 928FE156223868FA001EFC30 /* Main.storyboard */; };
		928FE15A223868FB001EFC30 /* Assets.xcassets in Resources */ = {isa = PBXBuildFile; fileRef = 928FE159223868FB001EFC30 /* Assets.xcassets */; };
		928FE15D223868FB001EFC30 /* LaunchScreen.storyboard in Resources */ = {isa = PBXBuildFile; fileRef = 928FE15B223868FB001EFC30 /* LaunchScreen.storyboard */; };
		92CFE3AA22386A6600076E18 /* R.generated.swift in Sources */ = {isa = PBXBuildFile; fileRef = 92CFE3A922386A6600076E18 /* R.generated.swift */; };
		F4015B228F1002A61DC704D7 /* Pods_Lun_Test_Application.framework in Frameworks */ = {isa = PBXBuildFile; fileRef = 96EAD9AC501C42A2268D41B3 /* Pods_Lun_Test_Application.framework */; };
/* End PBXBuildFile section */

/* Begin PBXFileReference section */
		292911B1E5ACDC7950E39C86 /* Pods-Lun Test Application.release.xcconfig */ = {isa = PBXFileReference; includeInIndex = 1; lastKnownFileType = text.xcconfig; name = "Pods-Lun Test Application.release.xcconfig"; path = "Target Support Files/Pods-Lun Test Application/Pods-Lun Test Application.release.xcconfig"; sourceTree = "<group>"; };
		9200370B22399AEB004782DC /* ProfileCell.swift */ = {isa = PBXFileReference; lastKnownFileType = sourcecode.swift; path = ProfileCell.swift; sourceTree = "<group>"; };
		9200370E22399BAB004782DC /* ProfileListViewController.swift */ = {isa = PBXFileReference; lastKnownFileType = sourcecode.swift; path = ProfileListViewController.swift; sourceTree = "<group>"; };
		9200371222399CC3004782DC /* ProfileDetailsViewController.swift */ = {isa = PBXFileReference; lastKnownFileType = sourcecode.swift; path = ProfileDetailsViewController.swift; sourceTree = "<group>"; };
		920037152239A068004782DC /* Perform.swift */ = {isa = PBXFileReference; lastKnownFileType = sourcecode.swift; path = Perform.swift; sourceTree = "<group>"; };
		920037182239A689004782DC /* ProfileData.swift */ = {isa = PBXFileReference; lastKnownFileType = sourcecode.swift; path = ProfileData.swift; sourceTree = "<group>"; };
		9200371A2239A6A0004782DC /* Profile.swift */ = {isa = PBXFileReference; lastKnownFileType = sourcecode.swift; path = Profile.swift; sourceTree = "<group>"; };
		9200371C2239A6AC004782DC /* Image.swift */ = {isa = PBXFileReference; lastKnownFileType = sourcecode.swift; path = Image.swift; sourceTree = "<group>"; };
		9200371E2239A77B004782DC /* ProfileListDataSource.swift */ = {isa = PBXFileReference; lastKnownFileType = sourcecode.swift; path = ProfileListDataSource.swift; sourceTree = "<group>"; };
		920037202239A8FC004782DC /* ObjectMapper+Profile.swift */ = {isa = PBXFileReference; lastKnownFileType = sourcecode.swift; path = "ObjectMapper+Profile.swift"; sourceTree = "<group>"; };
		920037232239AEF1004782DC /* Errors.swift */ = {isa = PBXFileReference; lastKnownFileType = sourcecode.swift; path = Errors.swift; sourceTree = "<group>"; };
		920037252239B259004782DC /* UIExtensions.swift */ = {isa = PBXFileReference; lastKnownFileType = sourcecode.swift; path = UIExtensions.swift; sourceTree = "<group>"; };
		928FE14F223868FA001EFC30 /* Lun Test Application.app */ = {isa = PBXFileReference; explicitFileType = wrapper.application; includeInIndex = 0; path = "Lun Test Application.app"; sourceTree = BUILT_PRODUCTS_DIR; };
		928FE152223868FA001EFC30 /* AppDelegate.swift */ = {isa = PBXFileReference; lastKnownFileType = sourcecode.swift; path = AppDelegate.swift; sourceTree = "<group>"; };
		928FE157223868FA001EFC30 /* Base */ = {isa = PBXFileReference; lastKnownFileType = file.storyboard; name = Base; path = Base.lproj/Main.storyboard; sourceTree = "<group>"; };
		928FE159223868FB001EFC30 /* Assets.xcassets */ = {isa = PBXFileReference; lastKnownFileType = folder.assetcatalog; path = Assets.xcassets; sourceTree = "<group>"; };
		928FE15C223868FB001EFC30 /* Base */ = {isa = PBXFileReference; lastKnownFileType = file.storyboard; name = Base; path = Base.lproj/LaunchScreen.storyboard; sourceTree = "<group>"; };
		928FE15E223868FB001EFC30 /* Info.plist */ = {isa = PBXFileReference; lastKnownFileType = text.plist.xml; path = Info.plist; sourceTree = "<group>"; };
		92CFE3A922386A6600076E18 /* R.generated.swift */ = {isa = PBXFileReference; fileEncoding = 4; lastKnownFileType = sourcecode.swift; path = R.generated.swift; sourceTree = SOURCE_ROOT; };
		96EAD9AC501C42A2268D41B3 /* Pods_Lun_Test_Application.framework */ = {isa = PBXFileReference; explicitFileType = wrapper.framework; includeInIndex = 0; path = Pods_Lun_Test_Application.framework; sourceTree = BUILT_PRODUCTS_DIR; };
		A5F5596A1CAD320EA12A6BBA /* Pods-Lun Test Application.debug.xcconfig */ = {isa = PBXFileReference; includeInIndex = 1; lastKnownFileType = text.xcconfig; name = "Pods-Lun Test Application.debug.xcconfig"; path = "Target Support Files/Pods-Lun Test Application/Pods-Lun Test Application.debug.xcconfig"; sourceTree = "<group>"; };
/* End PBXFileReference section */

/* Begin PBXFrameworksBuildPhase section */
		928FE14C223868FA001EFC30 /* Frameworks */ = {
			isa = PBXFrameworksBuildPhase;
			buildActionMask = 2147483647;
			files = (
				F4015B228F1002A61DC704D7 /* Pods_Lun_Test_Application.framework in Frameworks */,
			);
			runOnlyForDeploymentPostprocessing = 0;
		};
/* End PBXFrameworksBuildPhase section */

/* Begin PBXGroup section */
		3D95A777FF83A6507083EFD5 /* Pods */ = {
			isa = PBXGroup;
			children = (
				A5F5596A1CAD320EA12A6BBA /* Pods-Lun Test Application.debug.xcconfig */,
				292911B1E5ACDC7950E39C86 /* Pods-Lun Test Application.release.xcconfig */,
			);
			path = Pods;
			sourceTree = "<group>";
		};
		9200370D22399B92004782DC /* UI */ = {
			isa = PBXGroup;
			children = (
				9200371122399CAF004782DC /* ProfileDetails */,
				9200371022399BB5004782DC /* ProfileList */,
			);
			path = UI;
			sourceTree = "<group>";
		};
		9200371022399BB5004782DC /* ProfileList */ = {
			isa = PBXGroup;
			children = (
				9200370B22399AEB004782DC /* ProfileCell.swift */,
				9200370E22399BAB004782DC /* ProfileListViewController.swift */,
				9200371E2239A77B004782DC /* ProfileListDataSource.swift */,
			);
			path = ProfileList;
			sourceTree = "<group>";
		};
		9200371122399CAF004782DC /* ProfileDetails */ = {
			isa = PBXGroup;
			children = (
				9200371222399CC3004782DC /* ProfileDetailsViewController.swift */,
			);
			path = ProfileDetails;
			sourceTree = "<group>";
		};
		9200371422399FD2004782DC /* Extensions */ = {
			isa = PBXGroup;
			children = (
				920037152239A068004782DC /* Perform.swift */,
				920037202239A8FC004782DC /* ObjectMapper+Profile.swift */,
				920037252239B259004782DC /* UIExtensions.swift */,
			);
			path = Extensions;
			sourceTree = "<group>";
		};
		920037172239A665004782DC /* Models */ = {
			isa = PBXGroup;
			children = (
				920037182239A689004782DC /* ProfileData.swift */,
				9200371A2239A6A0004782DC /* Profile.swift */,
				9200371C2239A6AC004782DC /* Image.swift */,
			);
			path = Models;
			sourceTree = "<group>";
		};
		920037222239AEE1004782DC /* Common */ = {
			isa = PBXGroup;
			children = (
				9200371422399FD2004782DC /* Extensions */,
				920037232239AEF1004782DC /* Errors.swift */,
			);
			path = Common;
			sourceTree = "<group>";
		};
		928FE146223868FA001EFC30 = {
			isa = PBXGroup;
			children = (
				928FE151223868FA001EFC30 /* Lun Test Application */,
				928FE150223868FA001EFC30 /* Products */,
				3D95A777FF83A6507083EFD5 /* Pods */,
				EC93492FB9F7EDD1C3708EDA /* Frameworks */,
			);
			sourceTree = "<group>";
		};
		928FE150223868FA001EFC30 /* Products */ = {
			isa = PBXGroup;
			children = (
				928FE14F223868FA001EFC30 /* Lun Test Application.app */,
			);
			name = Products;
			sourceTree = "<group>";
		};
		928FE151223868FA001EFC30 /* Lun Test Application */ = {
			isa = PBXGroup;
			children = (
				920037222239AEE1004782DC /* Common */,
				920037172239A665004782DC /* Models */,
				9200370D22399B92004782DC /* UI */,
				92CFE3A922386A6600076E18 /* R.generated.swift */,
				928FE152223868FA001EFC30 /* AppDelegate.swift */,
				928FE156223868FA001EFC30 /* Main.storyboard */,
				928FE159223868FB001EFC30 /* Assets.xcassets */,
				928FE15B223868FB001EFC30 /* LaunchScreen.storyboard */,
				928FE15E223868FB001EFC30 /* Info.plist */,
			);
			path = "Lun Test Application";
			sourceTree = "<group>";
		};
		EC93492FB9F7EDD1C3708EDA /* Frameworks */ = {
			isa = PBXGroup;
			children = (
				96EAD9AC501C42A2268D41B3 /* Pods_Lun_Test_Application.framework */,
			);
			name = Frameworks;
			sourceTree = "<group>";
		};
/* End PBXGroup section */

/* Begin PBXNativeTarget section */
		928FE14E223868FA001EFC30 /* Lun Test Application */ = {
			isa = PBXNativeTarget;
			buildConfigurationList = 928FE161223868FB001EFC30 /* Build configuration list for PBXNativeTarget "Lun Test Application" */;
			buildPhases = (
				D69A207F30DBF14F3AA41F3D /* [CP] Check Pods Manifest.lock */,
				928FE165223869DA001EFC30 /* ShellScript */,
				928FE14B223868FA001EFC30 /* Sources */,
				928FE14C223868FA001EFC30 /* Frameworks */,
				928FE14D223868FA001EFC30 /* Resources */,
				468BB48A7F687CF932F899CB /* [CP] Embed Pods Frameworks */,
				5918F35DA2EEEFE0CBFE1CD6 /* [CP] Copy Pods Resources */,
			);
			buildRules = (
			);
			dependencies = (
			);
			name = "Lun Test Application";
			productName = "Lun Test Application";
			productReference = 928FE14F223868FA001EFC30 /* Lun Test Application.app */;
			productType = "com.apple.product-type.application";
		};
/* End PBXNativeTarget section */

/* Begin PBXProject section */
		928FE147223868FA001EFC30 /* Project object */ = {
			isa = PBXProject;
			attributes = {
				LastSwiftUpdateCheck = 1010;
				LastUpgradeCheck = 1010;
				ORGANIZATIONNAME = "Oleg Lipskiy";
				TargetAttributes = {
					928FE14E223868FA001EFC30 = {
						CreatedOnToolsVersion = 10.1;
					};
				};
			};
			buildConfigurationList = 928FE14A223868FA001EFC30 /* Build configuration list for PBXProject "Lun Test Application" */;
			compatibilityVersion = "Xcode 9.3";
			developmentRegion = en;
			hasScannedForEncodings = 0;
			knownRegions = (
				en,
				Base,
			);
			mainGroup = 928FE146223868FA001EFC30;
			productRefGroup = 928FE150223868FA001EFC30 /* Products */;
			projectDirPath = "";
			projectRoot = "";
			targets = (
				928FE14E223868FA001EFC30 /* Lun Test Application */,
			);
		};
/* End PBXProject section */

/* Begin PBXResourcesBuildPhase section */
		928FE14D223868FA001EFC30 /* Resources */ = {
			isa = PBXResourcesBuildPhase;
			buildActionMask = 2147483647;
			files = (
				928FE15D223868FB001EFC30 /* LaunchScreen.storyboard in Resources */,
				928FE15A223868FB001EFC30 /* Assets.xcassets in Resources */,
				928FE158223868FA001EFC30 /* Main.storyboard in Resources */,
			);
			runOnlyForDeploymentPostprocessing = 0;
		};
/* End PBXResourcesBuildPhase section */

/* Begin PBXShellScriptBuildPhase section */
		468BB48A7F687CF932F899CB /* [CP] Embed Pods Frameworks */ = {
			isa = PBXShellScriptBuildPhase;
			buildActionMask = 2147483647;
			files = (
			);
			inputFileListPaths = (
			);
			inputPaths = (
				"${PODS_ROOT}/Target Support Files/Pods-Lun Test Application/Pods-Lun Test Application-frameworks.sh",
				"${BUILT_PRODUCTS_DIR}/Aspects/Aspects.framework",
				"${BUILT_PRODUCTS_DIR}/ObjectMapper/ObjectMapper.framework",
				"${BUILT_PRODUCTS_DIR}/R.swift.Library/Rswift.framework",
			);
			name = "[CP] Embed Pods Frameworks";
			outputFileListPaths = (
			);
			outputPaths = (
				"${TARGET_BUILD_DIR}/${FRAMEWORKS_FOLDER_PATH}/Aspects.framework",
				"${TARGET_BUILD_DIR}/${FRAMEWORKS_FOLDER_PATH}/ObjectMapper.framework",
				"${TARGET_BUILD_DIR}/${FRAMEWORKS_FOLDER_PATH}/Rswift.framework",
			);
			runOnlyForDeploymentPostprocessing = 0;
			shellPath = /bin/sh;
			shellScript = "\"${PODS_ROOT}/Target Support Files/Pods-Lun Test Application/Pods-Lun Test Application-frameworks.sh\"\n";
			showEnvVarsInLog = 0;
		};
		5918F35DA2EEEFE0CBFE1CD6 /* [CP] Copy Pods Resources */ = {
			isa = PBXShellScriptBuildPhase;
			buildActionMask = 2147483647;
			files = (
			);
			inputFileListPaths = (
			);
			inputPaths = (
				"${PODS_ROOT}/Target Support Files/Pods-Lun Test Application/Pods-Lun Test Application-resources.sh",
				"${PODS_ROOT}/GoogleMaps/Maps/Frameworks/GoogleMaps.framework/Resources/GoogleMaps.bundle",
			);
			name = "[CP] Copy Pods Resources";
			outputFileListPaths = (
			);
			outputPaths = (
				"${TARGET_BUILD_DIR}/${UNLOCALIZED_RESOURCES_FOLDER_PATH}/GoogleMaps.bundle",
			);
			runOnlyForDeploymentPostprocessing = 0;
			shellPath = /bin/sh;
			shellScript = "\"${PODS_ROOT}/Target Support Files/Pods-Lun Test Application/Pods-Lun Test Application-resources.sh\"\n";
			showEnvVarsInLog = 0;
		};
		928FE165223869DA001EFC30 /* ShellScript */ = {
			isa = PBXShellScriptBuildPhase;
			buildActionMask = 2147483647;
			files = (
			);
			inputFileListPaths = (
			);
			inputPaths = (
				"$TEMP_DIR/rswift-lastrun",
			);
			outputFileListPaths = (
			);
			outputPaths = (
				$SRCROOT/R.generated.swift,
			);
			runOnlyForDeploymentPostprocessing = 0;
			shellPath = /bin/sh;
			shellScript = "# Type a script or drag a script file from your workspace to insert its path.\n\"$PODS_ROOT/R.swift/rswift\" generate \"$SRCROOT/R.generated.swift\"\n";
		};
		D69A207F30DBF14F3AA41F3D /* [CP] Check Pods Manifest.lock */ = {
			isa = PBXShellScriptBuildPhase;
			buildActionMask = 2147483647;
			files = (
			);
			inputFileListPaths = (
			);
			inputPaths = (
				"${PODS_PODFILE_DIR_PATH}/Podfile.lock",
				"${PODS_ROOT}/Manifest.lock",
			);
			name = "[CP] Check Pods Manifest.lock";
			outputFileListPaths = (
			);
			outputPaths = (
				"$(DERIVED_FILE_DIR)/Pods-Lun Test Application-checkManifestLockResult.txt",
			);
			runOnlyForDeploymentPostprocessing = 0;
			shellPath = /bin/sh;
			shellScript = "diff \"${PODS_PODFILE_DIR_PATH}/Podfile.lock\" \"${PODS_ROOT}/Manifest.lock\" > /dev/null\nif [ $? != 0 ] ; then\n    # print error to STDERR\n    echo \"error: The sandbox is not in sync with the Podfile.lock. Run 'pod install' or update your CocoaPods installation.\" >&2\n    exit 1\nfi\n# This output is used by Xcode 'outputs' to avoid re-running this script phase.\necho \"SUCCESS\" > \"${SCRIPT_OUTPUT_FILE_0}\"\n";
			showEnvVarsInLog = 0;
		};
/* End PBXShellScriptBuildPhase section */

/* Begin PBXSourcesBuildPhase section */
		928FE14B223868FA001EFC30 /* Sources */ = {
			isa = PBXSourcesBuildPhase;
			buildActionMask = 2147483647;
			files = (
				9200370C22399AEB004782DC /* ProfileCell.swift in Sources */,
				920037212239A8FC004782DC /* ObjectMapper+Profile.swift in Sources */,
				920037262239B259004782DC /* UIExtensions.swift in Sources */,
				9200371D2239A6AC004782DC /* Image.swift in Sources */,
				9200371B2239A6A0004782DC /* Profile.swift in Sources */,
				920037242239AEF1004782DC /* Errors.swift in Sources */,
				9200371322399CC3004782DC /* ProfileDetailsViewController.swift in Sources */,
				920037192239A689004782DC /* ProfileData.swift in Sources */,
				928FE153223868FA001EFC30 /* AppDelegate.swift in Sources */,
				920037162239A068004782DC /* Perform.swift in Sources */,
				9200370F22399BAB004782DC /* ProfileListViewController.swift in Sources */,
				9200371F2239A77B004782DC /* ProfileListDataSource.swift in Sources */,
				92CFE3AA22386A6600076E18 /* R.generated.swift in Sources */,
			);
			runOnlyForDeploymentPostprocessing = 0;
		};
/* End PBXSourcesBuildPhase section */

/* Begin PBXVariantGroup section */
		928FE156223868FA001EFC30 /* Main.storyboard */ = {
			isa = PBXVariantGroup;
			children = (
				928FE157223868FA001EFC30 /* Base */,
			);
			name = Main.storyboard;
			sourceTree = "<group>";
		};
		928FE15B223868FB001EFC30 /* LaunchScreen.storyboard */ = {
			isa = PBXVariantGroup;
			children = (
				928FE15C223868FB001EFC30 /* Base */,
			);
			name = LaunchScreen.storyboard;
			sourceTree = "<group>";
		};
/* End PBXVariantGroup section */

/* Begin XCBuildConfiguration section */
		928FE15F223868FB001EFC30 /* Debug */ = {
			isa = XCBuildConfiguration;
			buildSettings = {
				ALWAYS_SEARCH_USER_PATHS = NO;
				CLANG_ANALYZER_NONNULL = YES;
				CLANG_ANALYZER_NUMBER_OBJECT_CONVERSION = YES_AGGRESSIVE;
				CLANG_CXX_LANGUAGE_STANDARD = "gnu++14";
				CLANG_CXX_LIBRARY = "libc++";
				CLANG_ENABLE_MODULES = YES;
				CLANG_ENABLE_OBJC_ARC = YES;
				CLANG_ENABLE_OBJC_WEAK = YES;
				CLANG_WARN_BLOCK_CAPTURE_AUTORELEASING = YES;
				CLANG_WARN_BOOL_CONVERSION = YES;
				CLANG_WARN_COMMA = YES;
				CLANG_WARN_CONSTANT_CONVERSION = YES;
				CLANG_WARN_DEPRECATED_OBJC_IMPLEMENTATIONS = YES;
				CLANG_WARN_DIRECT_OBJC_ISA_USAGE = YES_ERROR;
				CLANG_WARN_DOCUMENTATION_COMMENTS = YES;
				CLANG_WARN_EMPTY_BODY = YES;
				CLANG_WARN_ENUM_CONVERSION = YES;
				CLANG_WARN_INFINITE_RECURSION = YES;
				CLANG_WARN_INT_CONVERSION = YES;
				CLANG_WARN_NON_LITERAL_NULL_CONVERSION = YES;
				CLANG_WARN_OBJC_IMPLICIT_RETAIN_SELF = YES;
				CLANG_WARN_OBJC_LITERAL_CONVERSION = YES;
				CLANG_WARN_OBJC_ROOT_CLASS = YES_ERROR;
				CLANG_WARN_RANGE_LOOP_ANALYSIS = YES;
				CLANG_WARN_STRICT_PROTOTYPES = YES;
				CLANG_WARN_SUSPICIOUS_MOVE = YES;
				CLANG_WARN_UNGUARDED_AVAILABILITY = YES_AGGRESSIVE;
				CLANG_WARN_UNREACHABLE_CODE = YES;
				CLANG_WARN__DUPLICATE_METHOD_MATCH = YES;
				CODE_SIGN_IDENTITY = "iPhone Developer";
				COPY_PHASE_STRIP = NO;
				DEBUG_INFORMATION_FORMAT = dwarf;
				ENABLE_STRICT_OBJC_MSGSEND = YES;
				ENABLE_TESTABILITY = YES;
				GCC_C_LANGUAGE_STANDARD = gnu11;
				GCC_DYNAMIC_NO_PIC = NO;
				GCC_NO_COMMON_BLOCKS = YES;
				GCC_OPTIMIZATION_LEVEL = 0;
				GCC_PREPROCESSOR_DEFINITIONS = (
					"DEBUG=1",
					"$(inherited)",
				);
				GCC_WARN_64_TO_32_BIT_CONVERSION = YES;
				GCC_WARN_ABOUT_RETURN_TYPE = YES_ERROR;
				GCC_WARN_UNDECLARED_SELECTOR = YES;
				GCC_WARN_UNINITIALIZED_AUTOS = YES_AGGRESSIVE;
				GCC_WARN_UNUSED_FUNCTION = YES;
				GCC_WARN_UNUSED_VARIABLE = YES;
				IPHONEOS_DEPLOYMENT_TARGET = 12.1;
				MTL_ENABLE_DEBUG_INFO = INCLUDE_SOURCE;
				MTL_FAST_MATH = YES;
				ONLY_ACTIVE_ARCH = YES;
				SDKROOT = iphoneos;
				SWIFT_ACTIVE_COMPILATION_CONDITIONS = DEBUG;
				SWIFT_OPTIMIZATION_LEVEL = "-Onone";
			};
			name = Debug;
		};
		928FE160223868FB001EFC30 /* Release */ = {
			isa = XCBuildConfiguration;
			buildSettings = {
				ALWAYS_SEARCH_USER_PATHS = NO;
				CLANG_ANALYZER_NONNULL = YES;
				CLANG_ANALYZER_NUMBER_OBJECT_CONVERSION = YES_AGGRESSIVE;
				CLANG_CXX_LANGUAGE_STANDARD = "gnu++14";
				CLANG_CXX_LIBRARY = "libc++";
				CLANG_ENABLE_MODULES = YES;
				CLANG_ENABLE_OBJC_ARC = YES;
				CLANG_ENABLE_OBJC_WEAK = YES;
				CLANG_WARN_BLOCK_CAPTURE_AUTORELEASING = YES;
				CLANG_WARN_BOOL_CONVERSION = YES;
				CLANG_WARN_COMMA = YES;
				CLANG_WARN_CONSTANT_CONVERSION = YES;
				CLANG_WARN_DEPRECATED_OBJC_IMPLEMENTATIONS = YES;
				CLANG_WARN_DIRECT_OBJC_ISA_USAGE = YES_ERROR;
				CLANG_WARN_DOCUMENTATION_COMMENTS = YES;
				CLANG_WARN_EMPTY_BODY = YES;
				CLANG_WARN_ENUM_CONVERSION = YES;
				CLANG_WARN_INFINITE_RECURSION = YES;
				CLANG_WARN_INT_CONVERSION = YES;
				CLANG_WARN_NON_LITERAL_NULL_CONVERSION = YES;
				CLANG_WARN_OBJC_IMPLICIT_RETAIN_SELF = YES;
				CLANG_WARN_OBJC_LITERAL_CONVERSION = YES;
				CLANG_WARN_OBJC_ROOT_CLASS = YES_ERROR;
				CLANG_WARN_RANGE_LOOP_ANALYSIS = YES;
				CLANG_WARN_STRICT_PROTOTYPES = YES;
				CLANG_WARN_SUSPICIOUS_MOVE = YES;
				CLANG_WARN_UNGUARDED_AVAILABILITY = YES_AGGRESSIVE;
				CLANG_WARN_UNREACHABLE_CODE = YES;
				CLANG_WARN__DUPLICATE_METHOD_MATCH = YES;
				CODE_SIGN_IDENTITY = "iPhone Developer";
				COPY_PHASE_STRIP = NO;
				DEBUG_INFORMATION_FORMAT = "dwarf-with-dsym";
				ENABLE_NS_ASSERTIONS = NO;
				ENABLE_STRICT_OBJC_MSGSEND = YES;
				GCC_C_LANGUAGE_STANDARD = gnu11;
				GCC_NO_COMMON_BLOCKS = YES;
				GCC_WARN_64_TO_32_BIT_CONVERSION = YES;
				GCC_WARN_ABOUT_RETURN_TYPE = YES_ERROR;
				GCC_WARN_UNDECLARED_SELECTOR = YES;
				GCC_WARN_UNINITIALIZED_AUTOS = YES_AGGRESSIVE;
				GCC_WARN_UNUSED_FUNCTION = YES;
				GCC_WARN_UNUSED_VARIABLE = YES;
				IPHONEOS_DEPLOYMENT_TARGET = 12.1;
				MTL_ENABLE_DEBUG_INFO = NO;
				MTL_FAST_MATH = YES;
				SDKROOT = iphoneos;
				SWIFT_COMPILATION_MODE = wholemodule;
				SWIFT_OPTIMIZATION_LEVEL = "-O";
				VALIDATE_PRODUCT = YES;
			};
			name = Release;
		};
		928FE162223868FB001EFC30 /* Debug */ = {
			isa = XCBuildConfiguration;
			baseConfigurationReference = A5F5596A1CAD320EA12A6BBA /* Pods-Lun Test Application.debug.xcconfig */;
			buildSettings = {
				ASSETCATALOG_COMPILER_APPICON_NAME = AppIcon;
				CODE_SIGN_STYLE = Automatic;
				DEVELOPMENT_TEAM = FSYC7MHAWN;
				GOOGLE_MAPS_API_KEY = AIzaSyB5wdDcG6icA65EHbQRvHUBXYA9NsUnL24;
				INFOPLIST_FILE = "Lun Test Application/Info.plist";
				LD_RUNPATH_SEARCH_PATHS = (
					"$(inherited)",
					"@executable_path/Frameworks",
				);
				PRODUCT_BUNDLE_IDENTIFIER = "com.acterics.Lun-Test-Application";
				PRODUCT_NAME = "$(TARGET_NAME)";
				SWIFT_VERSION = 4.2;
				TARGETED_DEVICE_FAMILY = "1,2";
			};
			name = Debug;
		};
		928FE163223868FB001EFC30 /* Release */ = {
			isa = XCBuildConfiguration;
			baseConfigurationReference = 292911B1E5ACDC7950E39C86 /* Pods-Lun Test Application.release.xcconfig */;
			buildSettings = {
				ASSETCATALOG_COMPILER_APPICON_NAME = AppIcon;
				CODE_SIGN_STYLE = Automatic;
				DEVELOPMENT_TEAM = FSYC7MHAWN;
				GOOGLE_MAPS_API_KEY = "";
				INFOPLIST_FILE = "Lun Test Application/Info.plist";
				LD_RUNPATH_SEARCH_PATHS = (
					"$(inherited)",
					"@executable_path/Frameworks",
				);
				PRODUCT_BUNDLE_IDENTIFIER = "com.acterics.Lun-Test-Application";
				PRODUCT_NAME = "$(TARGET_NAME)";
				SWIFT_VERSION = 4.2;
				TARGETED_DEVICE_FAMILY = "1,2";
			};
			name = Release;
		};
/* End XCBuildConfiguration section */

/* Begin XCConfigurationList section */
		928FE14A223868FA001EFC30 /* Build configuration list for PBXProject "Lun Test Application" */ = {
			isa = XCConfigurationList;
			buildConfigurations = (
				928FE15F223868FB001EFC30 /* Debug */,
				928FE160223868FB001EFC30 /* Release */,
			);
			defaultConfigurationIsVisible = 0;
			defaultConfigurationName = Release;
		};
		928FE161223868FB001EFC30 /* Build configuration list for PBXNativeTarget "Lun Test Application" */ = {
			isa = XCConfigurationList;
			buildConfigurations = (
				928FE162223868FB001EFC30 /* Debug */,
				928FE163223868FB001EFC30 /* Release */,
			);
			defaultConfigurationIsVisible = 0;
			defaultConfigurationName = Release;
		};
/* End XCConfigurationList section */
	};
	rootObject = 928FE147223868FA001EFC30 /* Project object */;
}
